
Microsoft Visual Studio Solution File, Format Version 12.00
# Visual Studio Version 17
VisualStudioVersion = 17.0.32014.148
MinimumVisualStudioVersion = 10.0.40219.1
Project("{FAE04EC0-301F-11D3-BF4B-00C04F79EFBC}") = "OutlookAccessInterface", "OutlookAccessInterface.csproj", "{8B52B331-322F-4EA9-A10F-E7E005977B5A}"
EndProject
Global
	GlobalSection(SolutionConfigurationPlatforms) = preSolution
		Debug|Any CPU = Debug|Any CPU
		Release|Any CPU = Release|Any CPU
	EndGlobalSection
	GlobalSection(ProjectConfigurationPlatforms) = postSolution
		{8B52B331-322F-4EA9-A10F-E7E005977B5A}.Debug|Any CPU.ActiveCfg = Debug|Any CPU
		{8B52B331-322F-4EA9-A10F-E7E005977B5A}.Debug|Any CPU.Build.0 = Debug|Any CPU
		{8B52B331-322F-4EA9-A10F-E7E005977B5A}.Release|Any CPU.ActiveCfg = Release|Any CPU
		{8B52B331-322F-4EA9-A10F-E7E005977B5A}.Release|Any CPU.Build.0 = Release|Any CPU
	EndGlobalSection
	GlobalSection(SolutionProperties) = preSolution
		HideSolutionNode = FALSE
	EndGlobalSection
	GlobalSection(ExtensibilityGlobals) = postSolution
		SolutionGuid = {6A007E6E-4B9E-466A-A4F7-B9FBA8295074}
	EndGlobalSection
EndGlobal
